
Microsoft Visual Studio Solution File, Format Version 12.00
# Visual Studio Version 17
VisualStudioVersion = 17.6.33723.286
MinimumVisualStudioVersion = 10.0.40219.1
Project("{2150E333-8FDC-42A3-9474-1A3956D46DE8}") = "Core", "Core", "{EFD89658-AA80-4A7F-A56A-529FEE15A54E}"
EndProject
Project("{2150E333-8FDC-42A3-9474-1A3956D46DE8}") = "API", "API", "{ED6D9D70-E5FF-4038-90EA-6E306CDD8FCD}"
EndProject
Project("{2150E333-8FDC-42A3-9474-1A3956D46DE8}") = "InfraStructure", "InfraStructure", "{31C718AA-1047-4BCD-8DB0-F0A14507755B}"
EndProject
Project("{2150E333-8FDC-42A3-9474-1A3956D46DE8}") = "Gateway", "Gateway", "{CDCC3699-CFEE-4E7A-8295-78B52E83B812}"
EndProject
Project("{9A19103F-16F7-4668-BE54-9A1E7A4F7556}") = "TodoList.API", "TodoList.API\TodoList.API.csproj", "{A43CF006-9BC4-40F3-9D1E-8B361574A0D9}"
	ProjectSection(ProjectDependencies) = postProject
		{335EAFA2-9321-4DF0-89C0-09ADB8FA5BB3} = {335EAFA2-9321-4DF0-89C0-09ADB8FA5BB3}
		{FF033F6F-BE26-474F-9D5F-795583326B9F} = {FF033F6F-BE26-474F-9D5F-795583326B9F}
	EndProjectSection
EndProject
Project("{9A19103F-16F7-4668-BE54-9A1E7A4F7556}") = "Application", "Application\Application.csproj", "{335EAFA2-9321-4DF0-89C0-09ADB8FA5BB3}"
	ProjectSection(ProjectDependencies) = postProject
		{8BB2C7E8-34C9-477F-AEA0-C6D898B1A5BE} = {8BB2C7E8-34C9-477F-AEA0-C6D898B1A5BE}
	EndProjectSection
EndProject
Project("{9A19103F-16F7-4668-BE54-9A1E7A4F7556}") = "Domain", "Domain\Domain.csproj", "{8BB2C7E8-34C9-477F-AEA0-C6D898B1A5BE}"
EndProject
Project("{9A19103F-16F7-4668-BE54-9A1E7A4F7556}") = "Persistence", "Infrastructure\Persistence.csproj", "{FF033F6F-BE26-474F-9D5F-795583326B9F}"
	ProjectSection(ProjectDependencies) = postProject
		{335EAFA2-9321-4DF0-89C0-09ADB8FA5BB3} = {335EAFA2-9321-4DF0-89C0-09ADB8FA5BB3}
		{8BB2C7E8-34C9-477F-AEA0-C6D898B1A5BE} = {8BB2C7E8-34C9-477F-AEA0-C6D898B1A5BE}
	EndProjectSection
EndProject
Project("{2150E333-8FDC-42A3-9474-1A3956D46DE8}") = "WebFront", "WebFront", "{49206AFA-7B77-4DEE-9790-61F3F3A41BF1}"
EndProject
Project("{9A19103F-16F7-4668-BE54-9A1E7A4F7556}") = "TodoApp", "..\TodoApp\TodoApp.csproj", "{1D347BA8-D9FF-462A-B9CC-DD994F8FF96B}"
	ProjectSection(ProjectDependencies) = postProject
		{335EAFA2-9321-4DF0-89C0-09ADB8FA5BB3} = {335EAFA2-9321-4DF0-89C0-09ADB8FA5BB3}
	EndProjectSection
EndProject
Project("{2150E333-8FDC-42A3-9474-1A3956D46DE8}") = "Shared", "Shared", "{C7B465FF-44D5-42ED-AD61-35D79440B519}"
EndProject
Project("{9A19103F-16F7-4668-BE54-9A1E7A4F7556}") = "Shared", "Shared\Shared.csproj", "{4DB19A59-FDFA-46C4-9770-DEF83A3DF8A8}"
EndProject
Project("{FAE04EC0-301F-11D3-BF4B-00C04F79EFBC}") = "ApiGateway", "ApiGateway\ApiGateway.csproj", "{7356F854-8BB0-4CAE-8975-43DC65B333B8}"
EndProject
Global
	GlobalSection(SolutionConfigurationPlatforms) = preSolution
		Debug|Any CPU = Debug|Any CPU
		Release|Any CPU = Release|Any CPU
	EndGlobalSection
	GlobalSection(ProjectConfigurationPlatforms) = postSolution
		{A43CF006-9BC4-40F3-9D1E-8B361574A0D9}.Debug|Any CPU.ActiveCfg = Debug|Any CPU
		{A43CF006-9BC4-40F3-9D1E-8B361574A0D9}.Debug|Any CPU.Build.0 = Debug|Any CPU
		{A43CF006-9BC4-40F3-9D1E-8B361574A0D9}.Release|Any CPU.ActiveCfg = Release|Any CPU
		{A43CF006-9BC4-40F3-9D1E-8B361574A0D9}.Release|Any CPU.Build.0 = Release|Any CPU
		{335EAFA2-9321-4DF0-89C0-09ADB8FA5BB3}.Debug|Any CPU.ActiveCfg = Debug|Any CPU
		{335EAFA2-9321-4DF0-89C0-09ADB8FA5BB3}.Debug|Any CPU.Build.0 = Debug|Any CPU
		{335EAFA2-9321-4DF0-89C0-09ADB8FA5BB3}.Release|Any CPU.ActiveCfg = Release|Any CPU
		{335EAFA2-9321-4DF0-89C0-09ADB8FA5BB3}.Release|Any CPU.Build.0 = Release|Any CPU
		{8BB2C7E8-34C9-477F-AEA0-C6D898B1A5BE}.Debug|Any CPU.ActiveCfg = Debug|Any CPU
		{8BB2C7E8-34C9-477F-AEA0-C6D898B1A5BE}.Debug|Any CPU.Build.0 = Debug|Any CPU
		{8BB2C7E8-34C9-477F-AEA0-C6D898B1A5BE}.Release|Any CPU.ActiveCfg = Release|Any CPU
		{8BB2C7E8-34C9-477F-AEA0-C6D898B1A5BE}.Release|Any CPU.Build.0 = Release|Any CPU
		{FF033F6F-BE26-474F-9D5F-795583326B9F}.Debug|Any CPU.ActiveCfg = Debug|Any CPU
		{FF033F6F-BE26-474F-9D5F-795583326B9F}.Debug|Any CPU.Build.0 = Debug|Any CPU
		{FF033F6F-BE26-474F-9D5F-795583326B9F}.Release|Any CPU.ActiveCfg = Release|Any CPU
		{FF033F6F-BE26-474F-9D5F-795583326B9F}.Release|Any CPU.Build.0 = Release|Any CPU
		{1D347BA8-D9FF-462A-B9CC-DD994F8FF96B}.Debug|Any CPU.ActiveCfg = Debug|Any CPU
		{1D347BA8-D9FF-462A-B9CC-DD994F8FF96B}.Debug|Any CPU.Build.0 = Debug|Any CPU
		{1D347BA8-D9FF-462A-B9CC-DD994F8FF96B}.Release|Any CPU.ActiveCfg = Release|Any CPU
		{1D347BA8-D9FF-462A-B9CC-DD994F8FF96B}.Release|Any CPU.Build.0 = Release|Any CPU
		{4DB19A59-FDFA-46C4-9770-DEF83A3DF8A8}.Debug|Any CPU.ActiveCfg = Debug|Any CPU
		{4DB19A59-FDFA-46C4-9770-DEF83A3DF8A8}.Debug|Any CPU.Build.0 = Debug|Any CPU
		{4DB19A59-FDFA-46C4-9770-DEF83A3DF8A8}.Release|Any CPU.ActiveCfg = Release|Any CPU
		{4DB19A59-FDFA-46C4-9770-DEF83A3DF8A8}.Release|Any CPU.Build.0 = Release|Any CPU
		{7356F854-8BB0-4CAE-8975-43DC65B333B8}.Debug|Any CPU.ActiveCfg = Debug|Any CPU
		{7356F854-8BB0-4CAE-8975-43DC65B333B8}.Debug|Any CPU.Build.0 = Debug|Any CPU
		{7356F854-8BB0-4CAE-8975-43DC65B333B8}.Release|Any CPU.ActiveCfg = Release|Any CPU
		{7356F854-8BB0-4CAE-8975-43DC65B333B8}.Release|Any CPU.Build.0 = Release|Any CPU
	EndGlobalSection
	GlobalSection(SolutionProperties) = preSolution
		HideSolutionNode = FALSE
	EndGlobalSection
	GlobalSection(NestedProjects) = preSolution
		{A43CF006-9BC4-40F3-9D1E-8B361574A0D9} = {ED6D9D70-E5FF-4038-90EA-6E306CDD8FCD}
		{335EAFA2-9321-4DF0-89C0-09ADB8FA5BB3} = {EFD89658-AA80-4A7F-A56A-529FEE15A54E}
		{8BB2C7E8-34C9-477F-AEA0-C6D898B1A5BE} = {EFD89658-AA80-4A7F-A56A-529FEE15A54E}
		{FF033F6F-BE26-474F-9D5F-795583326B9F} = {31C718AA-1047-4BCD-8DB0-F0A14507755B}
		{1D347BA8-D9FF-462A-B9CC-DD994F8FF96B} = {49206AFA-7B77-4DEE-9790-61F3F3A41BF1}
		{4DB19A59-FDFA-46C4-9770-DEF83A3DF8A8} = {C7B465FF-44D5-42ED-AD61-35D79440B519}
		{7356F854-8BB0-4CAE-8975-43DC65B333B8} = {CDCC3699-CFEE-4E7A-8295-78B52E83B812}
	EndGlobalSection
	GlobalSection(ExtensibilityGlobals) = postSolution
		SolutionGuid = {5AC16B89-8FFA-495E-A430-547D09619E09}
	EndGlobalSection
EndGlobal
